
Microsoft Visual Studio Solution File, Format Version 12.00
# Visual Studio Version 16
VisualStudioVersion = 25.0.1703.8
MinimumVisualStudioVersion = 10.0.40219.1
Project("{FAE04EC0-301F-11D3-BF4B-00C04F79EFBC}") = "backend", "backend\backend.csproj", "{BBD2F149-89D6-4C90-96F7-499F4D40F6AD}"
EndProject
Global
	GlobalSection(SolutionConfigurationPlatforms) = preSolution
		Debug|Any CPU = Debug|Any CPU
		Release|Any CPU = Release|Any CPU
	EndGlobalSection
	GlobalSection(ProjectConfigurationPlatforms) = postSolution
		{BBD2F149-89D6-4C90-96F7-499F4D40F6AD}.Debug|Any CPU.ActiveCfg = Debug|Any CPU
		{BBD2F149-89D6-4C90-96F7-499F4D40F6AD}.Debug|Any CPU.Build.0 = Debug|Any CPU
		{BBD2F149-89D6-4C90-96F7-499F4D40F6AD}.Release|Any CPU.ActiveCfg = Release|Any CPU
		{BBD2F149-89D6-4C90-96F7-499F4D40F6AD}.Release|Any CPU.Build.0 = Release|Any CPU
	EndGlobalSection
	GlobalSection(SolutionProperties) = preSolution
		HideSolutionNode = FALSE
	EndGlobalSection
	GlobalSection(ExtensibilityGlobals) = postSolution
		SolutionGuid = {AB547A1C-4321-4A13-8469-1463AADB0860}
	EndGlobalSection
EndGlobal
